// !$*UTF8*$!
{
	archiveVersion = 1;
	classes = {
	};
	objectVersion = 46;
	objects = {

/* Begin PBXBuildFile section */
		34A5F2921C2F373800F1EEF8 /* SettingsViewController.swift in Sources */ = {isa = PBXBuildFile; fileRef = 34A5F2911C2F373800F1EEF8 /* SettingsViewController.swift */; };
		34A5F2D01C2FE13F00F1EEF8 /* AppIcon.appiconset in Resources */ = {isa = PBXBuildFile; fileRef = 34A5F2CF1C2FE13F00F1EEF8 /* AppIcon.appiconset */; };
		34C6DB5B1C29418D000C3B56 /* AppDelegate.swift in Sources */ = {isa = PBXBuildFile; fileRef = 34C6DB5A1C29418D000C3B56 /* AppDelegate.swift */; };
		34C6DB5D1C29418D000C3B56 /* ViewController.swift in Sources */ = {isa = PBXBuildFile; fileRef = 34C6DB5C1C29418D000C3B56 /* ViewController.swift */; };
		34C6DB601C29418D000C3B56 /* Main.storyboard in Resources */ = {isa = PBXBuildFile; fileRef = 34C6DB5E1C29418D000C3B56 /* Main.storyboard */; };
		34C6DB621C29418D000C3B56 /* Assets.xcassets in Resources */ = {isa = PBXBuildFile; fileRef = 34C6DB611C29418D000C3B56 /* Assets.xcassets */; };
		34C6DB651C29418D000C3B56 /* LaunchScreen.storyboard in Resources */ = {isa = PBXBuildFile; fileRef = 34C6DB631C29418D000C3B56 /* LaunchScreen.storyboard */; };
		34C6DB701C29418D000C3B56 /* tipsTests.swift in Sources */ = {isa = PBXBuildFile; fileRef = 34C6DB6F1C29418D000C3B56 /* tipsTests.swift */; };
		34C6DB7B1C29418D000C3B56 /* tipsUITests.swift in Sources */ = {isa = PBXBuildFile; fileRef = 34C6DB7A1C29418D000C3B56 /* tipsUITests.swift */; };
/* End PBXBuildFile section */

/* Begin PBXContainerItemProxy section */
		34C6DB6C1C29418D000C3B56 /* PBXContainerItemProxy */ = {
			isa = PBXContainerItemProxy;
			containerPortal = 34C6DB4F1C29418D000C3B56 /* Project object */;
			proxyType = 1;
			remoteGlobalIDString = 34C6DB561C29418D000C3B56;
			remoteInfo = tips;
		};
		34C6DB771C29418D000C3B56 /* PBXContainerItemProxy */ = {
			isa = PBXContainerItemProxy;
			containerPortal = 34C6DB4F1C29418D000C3B56 /* Project object */;
			proxyType = 1;
			remoteGlobalIDString = 34C6DB561C29418D000C3B56;
			remoteInfo = tips;
		};
/* End PBXContainerItemProxy section */

/* Begin PBXFileReference section */
		34A5F2911C2F373800F1EEF8 /* SettingsViewController.swift */ = {isa = PBXFileReference; fileEncoding = 4; lastKnownFileType = sourcecode.swift; path = SettingsViewController.swift; sourceTree = "<group>"; };
		34A5F2CF1C2FE13F00F1EEF8 /* AppIcon.appiconset */ = {isa = PBXFileReference; lastKnownFileType = folder; path = AppIcon.appiconset; sourceTree = "<group>"; };
		34C6DB571C29418D000C3B56 /* tips.app */ = {isa = PBXFileReference; explicitFileType = wrapper.application; includeInIndex = 0; path = tips.app; sourceTree = BUILT_PRODUCTS_DIR; };
		34C6DB5A1C29418D000C3B56 /* AppDelegate.swift */ = {isa = PBXFileReference; lastKnownFileType = sourcecode.swift; path = AppDelegate.swift; sourceTree = "<group>"; };
		34C6DB5C1C29418D000C3B56 /* ViewController.swift */ = {isa = PBXFileReference; lastKnownFileType = sourcecode.swift; path = ViewController.swift; sourceTree = "<group>"; };
		34C6DB5F1C29418D000C3B56 /* Base */ = {isa = PBXFileReference; lastKnownFileType = file.storyboard; name = Base; path = Base.lproj/Main.storyboard; sourceTree = "<group>"; };
		34C6DB611C29418D000C3B56 /* Assets.xcassets */ = {isa = PBXFileReference; lastKnownFileType = folder.assetcatalog; path = Assets.xcassets; sourceTree = "<group>"; };
		34C6DB641C29418D000C3B56 /* Base */ = {isa = PBXFileReference; lastKnownFileType = file.storyboard; name = Base; path = Base.lproj/LaunchScreen.storyboard; sourceTree = "<group>"; };
		34C6DB661C29418D000C3B56 /* Info.plist */ = {isa = PBXFileReference; lastKnownFileType = text.plist.xml; path = Info.plist; sourceTree = "<group>"; };
		34C6DB6B1C29418D000C3B56 /* tipsTests.xctest */ = {isa = PBXFileReference; explicitFileType = wrapper.cfbundle; includeInIndex = 0; path = tipsTests.xctest; sourceTree = BUILT_PRODUCTS_DIR; };
		34C6DB6F1C29418D000C3B56 /* tipsTests.swift */ = {isa = PBXFileReference; lastKnownFileType = sourcecode.swift; path = tipsTests.swift; sourceTree = "<group>"; };
		34C6DB711C29418D000C3B56 /* Info.plist */ = {isa = PBXFileReference; lastKnownFileType = text.plist.xml; path = Info.plist; sourceTree = "<group>"; };
		34C6DB761C29418D000C3B56 /* tipsUITests.xctest */ = {isa = PBXFileReference; explicitFileType = wrapper.cfbundle; includeInIndex = 0; path = tipsUITests.xctest; sourceTree = BUILT_PRODUCTS_DIR; };
		34C6DB7A1C29418D000C3B56 /* tipsUITests.swift */ = {isa = PBXFileReference; lastKnownFileType = sourcecode.swift; path = tipsUITests.swift; sourceTree = "<group>"; };
		34C6DB7C1C29418D000C3B56 /* Info.plist */ = {isa = PBXFileReference; lastKnownFileType = text.plist.xml; path = Info.plist; sourceTree = "<group>"; };
/* End PBXFileReference section */

/* Begin PBXFrameworksBuildPhase section */
		34C6DB541C29418D000C3B56 /* Frameworks */ = {
			isa = PBXFrameworksBuildPhase;
			buildActionMask = 2147483647;
			files = (
			);
			runOnlyForDeploymentPostprocessing = 0;
		};
		34C6DB681C29418D000C3B56 /* Frameworks */ = {
			isa = PBXFrameworksBuildPhase;
			buildActionMask = 2147483647;
			files = (
			);
			runOnlyForDeploymentPostprocessing = 0;
		};
		34C6DB731C29418D000C3B56 /* Frameworks */ = {
			isa = PBXFrameworksBuildPhase;
			buildActionMask = 2147483647;
			files = (
			);
			runOnlyForDeploymentPostprocessing = 0;
		};
/* End PBXFrameworksBuildPhase section */

/* Begin PBXGroup section */
		34C6DB4E1C29418D000C3B56 = {
			isa = PBXGroup;
			children = (
				34C6DB591C29418D000C3B56 /* tips */,
				34C6DB6E1C29418D000C3B56 /* tipsTests */,
				34C6DB791C29418D000C3B56 /* tipsUITests */,
				34C6DB581C29418D000C3B56 /* Products */,
			);
			sourceTree = "<group>";
		};
		34C6DB581C29418D000C3B56 /* Products */ = {
			isa = PBXGroup;
			children = (
				34C6DB571C29418D000C3B56 /* tips.app */,
				34C6DB6B1C29418D000C3B56 /* tipsTests.xctest */,
				34C6DB761C29418D000C3B56 /* tipsUITests.xctest */,
			);
			name = Products;
			sourceTree = "<group>";
		};
		34C6DB591C29418D000C3B56 /* tips */ = {
			isa = PBXGroup;
			children = (
				34C6DB5A1C29418D000C3B56 /* AppDelegate.swift */,
				34C6DB5C1C29418D000C3B56 /* ViewController.swift */,
				34C6DB5E1C29418D000C3B56 /* Main.storyboard */,
				34A5F2911C2F373800F1EEF8 /* SettingsViewController.swift */,
				34C6DB611C29418D000C3B56 /* Assets.xcassets */,
				34C6DB631C29418D000C3B56 /* LaunchScreen.storyboard */,
				34C6DB661C29418D000C3B56 /* Info.plist */,
				34A5F2CF1C2FE13F00F1EEF8 /* AppIcon.appiconset */,
			);
			path = tips;
			sourceTree = "<group>";
		};
		34C6DB6E1C29418D000C3B56 /* tipsTests */ = {
			isa = PBXGroup;
			children = (
				34C6DB6F1C29418D000C3B56 /* tipsTests.swift */,
				34C6DB711C29418D000C3B56 /* Info.plist */,
			);
			path = tipsTests;
			sourceTree = "<group>";
		};
		34C6DB791C29418D000C3B56 /* tipsUITests */ = {
			isa = PBXGroup;
			children = (
				34C6DB7A1C29418D000C3B56 /* tipsUITests.swift */,
				34C6DB7C1C29418D000C3B56 /* Info.plist */,
			);
			path = tipsUITests;
			sourceTree = "<group>";
		};
/* End PBXGroup section */

/* Begin PBXNativeTarget section */
		34C6DB561C29418D000C3B56 /* tips */ = {
			isa = PBXNativeTarget;
			buildConfigurationList = 34C6DB7F1C29418D000C3B56 /* Build configuration list for PBXNativeTarget "tips" */;
			buildPhases = (
				34C6DB531C29418D000C3B56 /* Sources */,
				34C6DB541C29418D000C3B56 /* Frameworks */,
				34C6DB551C29418D000C3B56 /* Resources */,
			);
			buildRules = (
			);
			dependencies = (
			);
			name = tips;
			productName = tips;
			productReference = 34C6DB571C29418D000C3B56 /* tips.app */;
			productType = "com.apple.product-type.application";
		};
		34C6DB6A1C29418D000C3B56 /* tipsTests */ = {
			isa = PBXNativeTarget;
			buildConfigurationList = 34C6DB821C29418D000C3B56 /* Build configuration list for PBXNativeTarget "tipsTests" */;
			buildPhases = (
				34C6DB671C29418D000C3B56 /* Sources */,
				34C6DB681C29418D000C3B56 /* Frameworks */,
				34C6DB691C29418D000C3B56 /* Resources */,
			);
			buildRules = (
			);
			dependencies = (
				34C6DB6D1C29418D000C3B56 /* PBXTargetDependency */,
			);
			name = tipsTests;
			productName = tipsTests;
			productReference = 34C6DB6B1C29418D000C3B56 /* tipsTests.xctest */;
			productType = "com.apple.product-type.bundle.unit-test";
		};
		34C6DB751C29418D000C3B56 /* tipsUITests */ = {
			isa = PBXNativeTarget;
			buildConfigurationList = 34C6DB851C29418D000C3B56 /* Build configuration list for PBXNativeTarget "tipsUITests" */;
			buildPhases = (
				34C6DB721C29418D000C3B56 /* Sources */,
				34C6DB731C29418D000C3B56 /* Frameworks */,
				34C6DB741C29418D000C3B56 /* Resources */,
			);
			buildRules = (
			);
			dependencies = (
				34C6DB781C29418D000C3B56 /* PBXTargetDependency */,
			);
			name = tipsUITests;
			productName = tipsUITests;
			productReference = 34C6DB761C29418D000C3B56 /* tipsUITests.xctest */;
			productType = "com.apple.product-type.bundle.ui-testing";
		};
/* End PBXNativeTarget section */

/* Begin PBXProject section */
		34C6DB4F1C29418D000C3B56 /* Project object */ = {
			isa = PBXProject;
			attributes = {
				LastSwiftUpdateCheck = 0710;
				LastUpgradeCheck = 0710;
				ORGANIZATIONNAME = "Apurva Shah";
				TargetAttributes = {
					34C6DB561C29418D000C3B56 = {
						CreatedOnToolsVersion = 7.1.1;
						LastSwiftMigration = 0820;
					};
					34C6DB6A1C29418D000C3B56 = {
						CreatedOnToolsVersion = 7.1.1;
						LastSwiftMigration = 0820;
						TestTargetID = 34C6DB561C29418D000C3B56;
					};
					34C6DB751C29418D000C3B56 = {
						CreatedOnToolsVersion = 7.1.1;
						LastSwiftMigration = 0820;
						TestTargetID = 34C6DB561C29418D000C3B56;
					};
				};
			};
			buildConfigurationList = 34C6DB521C29418D000C3B56 /* Build configuration list for PBXProject "tips" */;
			compatibilityVersion = "Xcode 3.2";
			developmentRegion = English;
			hasScannedForEncodings = 0;
			knownRegions = (
				en,
				Base,
			);
			mainGroup = 34C6DB4E1C29418D000C3B56;
			productRefGroup = 34C6DB581C29418D000C3B56 /* Products */;
			projectDirPath = "";
			projectRoot = "";
			targets = (
				34C6DB561C29418D000C3B56 /* tips */,
				34C6DB6A1C29418D000C3B56 /* tipsTests */,
				34C6DB751C29418D000C3B56 /* tipsUITests */,
			);
		};
/* End PBXProject section */

/* Begin PBXResourcesBuildPhase section */
		34C6DB551C29418D000C3B56 /* Resources */ = {
			isa = PBXResourcesBuildPhase;
			buildActionMask = 2147483647;
			files = (
				34A5F2D01C2FE13F00F1EEF8 /* AppIcon.appiconset in Resources */,
				34C6DB651C29418D000C3B56 /* LaunchScreen.storyboard in Resources */,
				34C6DB621C29418D000C3B56 /* Assets.xcassets in Resources */,
				34C6DB601C29418D000C3B56 /* Main.storyboard in Resources */,
			);
			runOnlyForDeploymentPostprocessing = 0;
		};
		34C6DB691C29418D000C3B56 /* Resources */ = {
			isa = PBXResourcesBuildPhase;
			buildActionMask = 2147483647;
			files = (
			);
			runOnlyForDeploymentPostprocessing = 0;
		};
		34C6DB741C29418D000C3B56 /* Resources */ = {
			isa = PBXResourcesBuildPhase;
			buildActionMask = 2147483647;
			files = (
			);
			runOnlyForDeploymentPostprocessing = 0;
		};
/* End PBXResourcesBuildPhase section */

/* Begin PBXSourcesBuildPhase section */
		34C6DB531C29418D000C3B56 /* Sources */ = {
			isa = PBXSourcesBuildPhase;
			buildActionMask = 2147483647;
			files = (
				34C6DB5D1C29418D000C3B56 /* ViewController.swift in Sources */,
				34C6DB5B1C29418D000C3B56 /* AppDelegate.swift in Sources */,
				34A5F2921C2F373800F1EEF8 /* SettingsViewController.swift in Sources */,
			);
			runOnlyForDeploymentPostprocessing = 0;
		};
		34C6DB671C29418D000C3B56 /* Sources */ = {
			isa = PBXSourcesBuildPhase;
			buildActionMask = 2147483647;
			files = (
				34C6DB701C29418D000C3B56 /* tipsTests.swift in Sources */,
			);
			runOnlyForDeploymentPostprocessing = 0;
		};
		34C6DB721C29418D000C3B56 /* Sources */ = {
			isa = PBXSourcesBuildPhase;
			buildActionMask = 2147483647;
			files = (
				34C6DB7B1C29418D000C3B56 /* tipsUITests.swift in Sources */,
			);
			runOnlyForDeploymentPostprocessing = 0;
		};
/* End PBXSourcesBuildPhase section */

/* Begin PBXTargetDependency section */
		34C6DB6D1C29418D000C3B56 /* PBXTargetDependency */ = {
			isa = PBXTargetDependency;
			target = 34C6DB561C29418D000C3B56 /* tips */;
			targetProxy = 34C6DB6C1C29418D000C3B56 /* PBXContainerItemProxy */;
		};
		34C6DB781C29418D000C3B56 /* PBXTargetDependency */ = {
			isa = PBXTargetDependency;
			target = 34C6DB561C29418D000C3B56 /* tips */;
			targetProxy = 34C6DB771C29418D000C3B56 /* PBXContainerItemProxy */;
		};
/* End PBXTargetDependency section */

/* Begin PBXVariantGroup section */
		34C6DB5E1C29418D000C3B56 /* Main.storyboard */ = {
			isa = PBXVariantGroup;
			children = (
				34C6DB5F1C29418D000C3B56 /* Base */,
			);
			name = Main.storyboard;
			sourceTree = "<group>";
		};
		34C6DB631C29418D000C3B56 /* LaunchScreen.storyboard */ = {
			isa = PBXVariantGroup;
			children = (
				34C6DB641C29418D000C3B56 /* Base */,
			);
			name = LaunchScreen.storyboard;
			sourceTree = "<group>";
		};
/* End PBXVariantGroup section */

/* Begin XCBuildConfiguration section */
		34C6DB7D1C29418D000C3B56 /* Debug */ = {
			isa = XCBuildConfiguration;
			buildSettings = {
				ALWAYS_SEARCH_USER_PATHS = NO;
				CLANG_CXX_LANGUAGE_STANDARD = "gnu++0x";
				CLANG_CXX_LIBRARY = "libc++";
				CLANG_ENABLE_MODULES = YES;
				CLANG_ENABLE_OBJC_ARC = YES;
				CLANG_WARN_BOOL_CONVERSION = YES;
				CLANG_WARN_CONSTANT_CONVERSION = YES;
				CLANG_WARN_DIRECT_OBJC_ISA_USAGE = YES_ERROR;
				CLANG_WARN_EMPTY_BODY = YES;
				CLANG_WARN_ENUM_CONVERSION = YES;
				CLANG_WARN_INT_CONVERSION = YES;
				CLANG_WARN_OBJC_ROOT_CLASS = YES_ERROR;
				CLANG_WARN_UNREACHABLE_CODE = YES;
				CLANG_WARN__DUPLICATE_METHOD_MATCH = YES;
				"CODE_SIGN_IDENTITY[sdk=iphoneos*]" = "iPhone Developer";
				COPY_PHASE_STRIP = NO;
				DEBUG_INFORMATION_FORMAT = dwarf;
				ENABLE_STRICT_OBJC_MSGSEND = YES;
				ENABLE_TESTABILITY = YES;
				GCC_C_LANGUAGE_STANDARD = gnu99;
				GCC_DYNAMIC_NO_PIC = NO;
				GCC_NO_COMMON_BLOCKS = YES;
				GCC_OPTIMIZATION_LEVEL = 0;
				GCC_PREPROCESSOR_DEFINITIONS = (
					"DEBUG=1",
					"$(inherited)",
				);
				GCC_WARN_64_TO_32_BIT_CONVERSION = YES;
				GCC_WARN_ABOUT_RETURN_TYPE = YES_ERROR;
				GCC_WARN_UNDECLARED_SELECTOR = YES;
				GCC_WARN_UNINITIALIZED_AUTOS = YES_AGGRESSIVE;
				GCC_WARN_UNUSED_FUNCTION = YES;
				GCC_WARN_UNUSED_VARIABLE = YES;
				IPHONEOS_DEPLOYMENT_TARGET = 9.1;
				MTL_ENABLE_DEBUG_INFO = YES;
				ONLY_ACTIVE_ARCH = YES;
				SDKROOT = iphoneos;
				SWIFT_OPTIMIZATION_LEVEL = "-Onone";
			};
			name = Debug;
		};
		34C6DB7E1C29418D000C3B56 /* Release */ = {
			isa = XCBuildConfiguration;
			buildSettings = {
				ALWAYS_SEARCH_USER_PATHS = NO;
				CLANG_CXX_LANGUAGE_STANDARD = "gnu++0x";
				CLANG_CXX_LIBRARY = "libc++";
				CLANG_ENABLE_MODULES = YES;
				CLANG_ENABLE_OBJC_ARC = YES;
				CLANG_WARN_BOOL_CONVERSION = YES;
				CLANG_WARN_CONSTANT_CONVERSION = YES;
				CLANG_WARN_DIRECT_OBJC_ISA_USAGE = YES_ERROR;
				CLANG_WARN_EMPTY_BODY = YES;
				CLANG_WARN_ENUM_CONVERSION = YES;
				CLANG_WARN_INT_CONVERSION = YES;
				CLANG_WARN_OBJC_ROOT_CLASS = YES_ERROR;
				CLANG_WARN_UNREACHABLE_CODE = YES;
				CLANG_WARN__DUPLICATE_METHOD_MATCH = YES;
				"CODE_SIGN_IDENTITY[sdk=iphoneos*]" = "iPhone Developer";
				COPY_PHASE_STRIP = NO;
				DEBUG_INFORMATION_FORMAT = "dwarf-with-dsym";
				ENABLE_NS_ASSERTIONS = NO;
				ENABLE_STRICT_OBJC_MSGSEND = YES;
				GCC_C_LANGUAGE_STANDARD = gnu99;
				GCC_NO_COMMON_BLOCKS = YES;
				GCC_WARN_64_TO_32_BIT_CONVERSION = YES;
				GCC_WARN_ABOUT_RETURN_TYPE = YES_ERROR;
				GCC_WARN_UNDECLARED_SELECTOR = YES;
				GCC_WARN_UNINITIALIZED_AUTOS = YES_AGGRESSIVE;
				GCC_WARN_UNUSED_FUNCTION = YES;
				GCC_WARN_UNUSED_VARIABLE = YES;
				IPHONEOS_DEPLOYMENT_TARGET = 9.1;
				MTL_ENABLE_DEBUG_INFO = NO;
				SDKROOT = iphoneos;
				VALIDATE_PRODUCT = YES;
			};
			name = Release;
		};
		34C6DB801C29418D000C3B56 /* Debug */ = {
			isa = XCBuildConfiguration;
			buildSettings = {
				ASSETCATALOG_COMPILER_APPICON_NAME = AppIcon;
				INFOPLIST_FILE = tips/Info.plist;
				LD_RUNPATH_SEARCH_PATHS = "$(inherited) @executable_path/Frameworks";
				PRODUCT_BUNDLE_IDENTIFIER = com.codepath.tips;
				PRODUCT_NAME = "$(TARGET_NAME)";
				SWIFT_VERSION = 3.0;
			};
			name = Debug;
		};
		34C6DB811C29418D000C3B56 /* Release */ = {
			isa = XCBuildConfiguration;
			buildSettings = {
				ASSETCATALOG_COMPILER_APPICON_NAME = AppIcon;
				INFOPLIST_FILE = tips/Info.plist;
				LD_RUNPATH_SEARCH_PATHS = "$(inherited) @executable_path/Frameworks";
				PRODUCT_BUNDLE_IDENTIFIER = com.codepath.tips;
				PRODUCT_NAME = "$(TARGET_NAME)";
				SWIFT_VERSION = 3.0;
			};
			name = Release;
		};
		34C6DB831C29418D000C3B56 /* Debug */ = {
			isa = XCBuildConfiguration;
			buildSettings = {
				BUNDLE_LOADER = "$(TEST_HOST)";
				INFOPLIST_FILE = tipsTests/Info.plist;
				LD_RUNPATH_SEARCH_PATHS = "$(inherited) @executable_path/Frameworks @loader_path/Frameworks";
				PRODUCT_BUNDLE_IDENTIFIER = com.codepath.tipsTests;
				PRODUCT_NAME = "$(TARGET_NAME)";
				SWIFT_VERSION = 3.0;
				TEST_HOST = "$(BUILT_PRODUCTS_DIR)/tips.app/tips";
			};
			name = Debug;
		};
		34C6DB841C29418D000C3B56 /* Release */ = {
			isa = XCBuildConfiguration;
			buildSettings = {
				BUNDLE_LOADER = "$(TEST_HOST)";
				INFOPLIST_FILE = tipsTests/Info.plist;
				LD_RUNPATH_SEARCH_PATHS = "$(inherited) @executable_path/Frameworks @loader_path/Frameworks";
				PRODUCT_BUNDLE_IDENTIFIER = com.codepath.tipsTests;
				PRODUCT_NAME = "$(TARGET_NAME)";
				SWIFT_VERSION = 3.0;
				TEST_HOST = "$(BUILT_PRODUCTS_DIR)/tips.app/tips";
			};
			name = Release;
		};
		34C6DB861C29418D000C3B56 /* Debug */ = {
			isa = XCBuildConfiguration;
			buildSettings = {
				INFOPLIST_FILE = tipsUITests/Info.plist;
				LD_RUNPATH_SEARCH_PATHS = "$(inherited) @executable_path/Frameworks @loader_path/Frameworks";
				PRODUCT_BUNDLE_IDENTIFIER = com.codepath.tipsUITests;
				PRODUCT_NAME = "$(TARGET_NAME)";
				SWIFT_VERSION = 3.0;
				TEST_TARGET_NAME = tips;
				USES_XCTRUNNER = YES;
			};
			name = Debug;
		};
		34C6DB871C29418D000C3B56 /* Release */ = {
			isa = XCBuildConfiguration;
			buildSettings = {
				INFOPLIST_FILE = tipsUITests/Info.plist;
				LD_RUNPATH_SEARCH_PATHS = "$(inherited) @executable_path/Frameworks @loader_path/Frameworks";
				PRODUCT_BUNDLE_IDENTIFIER = com.codepath.tipsUITests;
				PRODUCT_NAME = "$(TARGET_NAME)";
				SWIFT_VERSION = 3.0;
				TEST_TARGET_NAME = tips;
				USES_XCTRUNNER = YES;
			};
			name = Release;
		};
/* End XCBuildConfiguration section */

/* Begin XCConfigurationList section */
		34C6DB521C29418D000C3B56 /* Build configuration list for PBXProject "tips" */ = {
			isa = XCConfigurationList;
			buildConfigurations = (
				34C6DB7D1C29418D000C3B56 /* Debug */,
				34C6DB7E1C29418D000C3B56 /* Release */,
			);
			defaultConfigurationIsVisible = 0;
			defaultConfigurationName = Release;
		};
		34C6DB7F1C29418D000C3B56 /* Build configuration list for PBXNativeTarget "tips" */ = {
			isa = XCConfigurationList;
			buildConfigurations = (
				34C6DB801C29418D000C3B56 /* Debug */,
				34C6DB811C29418D000C3B56 /* Release */,
			);
			defaultConfigurationIsVisible = 0;
			defaultConfigurationName = Release;
		};
		34C6DB821C29418D000C3B56 /* Build configuration list for PBXNativeTarget "tipsTests" */ = {
			isa = XCConfigurationList;
			buildConfigurations = (
				34C6DB831C29418D000C3B56 /* Debug */,
				34C6DB841C29418D000C3B56 /* Release */,
			);
			defaultConfigurationIsVisible = 0;
			defaultConfigurationName = Release;
		};
		34C6DB851C29418D000C3B56 /* Build configuration list for PBXNativeTarget "tipsUITests" */ = {
			isa = XCConfigurationList;
			buildConfigurations = (
				34C6DB861C29418D000C3B56 /* Debug */,
				34C6DB871C29418D000C3B56 /* Release */,
			);
			defaultConfigurationIsVisible = 0;
			defaultConfigurationName = Release;
		};
/* End XCConfigurationList section */
	};
	rootObject = 34C6DB4F1C29418D000C3B56 /* Project object */;
}
